
Microsoft Visual Studio Solution File, Format Version 12.00
# Visual Studio Version 17
VisualStudioVersion = 17.12.35521.163
MinimumVisualStudioVersion = 10.0.40219.1
Project("{FAE04EC0-301F-11D3-BF4B-00C04F79EFBC}") = "YiAdmin01.Web", "YiAdmin01.Web\YiAdmin01.Web.csproj", "{99EAD8E5-7A0F-4E8A-93D5-6466A15E20FA}"
EndProject
Project("{FAE04EC0-301F-11D3-BF4B-00C04F79EFBC}") = "YiAdmin01.Common", "YiAdmin01.Common\YiAdmin01.Common.csproj", "{1D085DF2-B549-4669-A061-DFF5A0857FEB}"
EndProject
Project("{FAE04EC0-301F-11D3-BF4B-00C04F79EFBC}") = "YiAdmin01.BLL", "YiAdmin01.BLL\YiAdmin01.BLL.csproj", "{0D8246B5-3BA7-4AB7-A734-C019BDE7E957}"
EndProject
Project("{FAE04EC0-301F-11D3-BF4B-00C04F79EFBC}") = "YiAdmin01.Model", "YiAdmin01.Model\YiAdmin01.Model.csproj", "{65579D9D-F782-40EC-87F6-56F54406EFDF}"
EndProject
Project("{FAE04EC0-301F-11D3-BF4B-00C04F79EFBC}") = "YiAdmin01.DAL", "YiAdmin01.DAL\YiAdmin01.DAL.csproj", "{A9A0063F-7EFE-4C96-9C8B-91B3F3AED652}"
EndProject
Project("{FAE04EC0-301F-11D3-BF4B-00C04F79EFBC}") = "YiAdmin01.Entity", "YiAdmin01.Entity\YiAdmin01.Entity.csproj", "{B05F4491-BA66-43F1-B377-0D9107C5D529}"
EndProject
Project("{FAE04EC0-301F-11D3-BF4B-00C04F79EFBC}") = "YiAdmin01.WebCode", "YiAdmin01.WebCode\YiAdmin01.WebCode.csproj", "{03BE3B9A-C212-4386-86E1-E4191A91F5DA}"
EndProject
Global
	GlobalSection(SolutionConfigurationPlatforms) = preSolution
		Debug|Any CPU = Debug|Any CPU
		Release|Any CPU = Release|Any CPU
	EndGlobalSection
	GlobalSection(ProjectConfigurationPlatforms) = postSolution
		{99EAD8E5-7A0F-4E8A-93D5-6466A15E20FA}.Debug|Any CPU.ActiveCfg = Debug|Any CPU
		{99EAD8E5-7A0F-4E8A-93D5-6466A15E20FA}.Debug|Any CPU.Build.0 = Debug|Any CPU
		{99EAD8E5-7A0F-4E8A-93D5-6466A15E20FA}.Release|Any CPU.ActiveCfg = Release|Any CPU
		{99EAD8E5-7A0F-4E8A-93D5-6466A15E20FA}.Release|Any CPU.Build.0 = Release|Any CPU
		{1D085DF2-B549-4669-A061-DFF5A0857FEB}.Debug|Any CPU.ActiveCfg = Debug|Any CPU
		{1D085DF2-B549-4669-A061-DFF5A0857FEB}.Debug|Any CPU.Build.0 = Debug|Any CPU
		{1D085DF2-B549-4669-A061-DFF5A0857FEB}.Release|Any CPU.ActiveCfg = Release|Any CPU
		{1D085DF2-B549-4669-A061-DFF5A0857FEB}.Release|Any CPU.Build.0 = Release|Any CPU
		{0D8246B5-3BA7-4AB7-A734-C019BDE7E957}.Debug|Any CPU.ActiveCfg = Debug|Any CPU
		{0D8246B5-3BA7-4AB7-A734-C019BDE7E957}.Debug|Any CPU.Build.0 = Debug|Any CPU
		{0D8246B5-3BA7-4AB7-A734-C019BDE7E957}.Release|Any CPU.ActiveCfg = Release|Any CPU
		{0D8246B5-3BA7-4AB7-A734-C019BDE7E957}.Release|Any CPU.Build.0 = Release|Any CPU
		{65579D9D-F782-40EC-87F6-56F54406EFDF}.Debug|Any CPU.ActiveCfg = Debug|Any CPU
		{65579D9D-F782-40EC-87F6-56F54406EFDF}.Debug|Any CPU.Build.0 = Debug|Any CPU
		{65579D9D-F782-40EC-87F6-56F54406EFDF}.Release|Any CPU.ActiveCfg = Release|Any CPU
		{65579D9D-F782-40EC-87F6-56F54406EFDF}.Release|Any CPU.Build.0 = Release|Any CPU
		{A9A0063F-7EFE-4C96-9C8B-91B3F3AED652}.Debug|Any CPU.ActiveCfg = Debug|Any CPU
		{A9A0063F-7EFE-4C96-9C8B-91B3F3AED652}.Debug|Any CPU.Build.0 = Debug|Any CPU
		{A9A0063F-7EFE-4C96-9C8B-91B3F3AED652}.Release|Any CPU.ActiveCfg = Release|Any CPU
		{A9A0063F-7EFE-4C96-9C8B-91B3F3AED652}.Release|Any CPU.Build.0 = Release|Any CPU
		{B05F4491-BA66-43F1-B377-0D9107C5D529}.Debug|Any CPU.ActiveCfg = Debug|Any CPU
		{B05F4491-BA66-43F1-B377-0D9107C5D529}.Debug|Any CPU.Build.0 = Debug|Any CPU
		{B05F4491-BA66-43F1-B377-0D9107C5D529}.Release|Any CPU.ActiveCfg = Release|Any CPU
		{B05F4491-BA66-43F1-B377-0D9107C5D529}.Release|Any CPU.Build.0 = Release|Any CPU
		{03BE3B9A-C212-4386-86E1-E4191A91F5DA}.Debug|Any CPU.ActiveCfg = Debug|Any CPU
		{03BE3B9A-C212-4386-86E1-E4191A91F5DA}.Debug|Any CPU.Build.0 = Debug|Any CPU
		{03BE3B9A-C212-4386-86E1-E4191A91F5DA}.Release|Any CPU.ActiveCfg = Release|Any CPU
		{03BE3B9A-C212-4386-86E1-E4191A91F5DA}.Release|Any CPU.Build.0 = Release|Any CPU
	EndGlobalSection
	GlobalSection(SolutionProperties) = preSolution
		HideSolutionNode = FALSE
	EndGlobalSection
EndGlobal
